
Microsoft Visual Studio Solution File, Format Version 12.00
# Visual Studio 15
VisualStudioVersion = 15.0.27004.2005
MinimumVisualStudioVersion = 10.0.40219.1
Project("{FAE04EC0-301F-11D3-BF4B-00C04F79EFBC}") = "Event", "Event\Event.csproj", "{A17DC37A-A00F-4FB0-8BBC-F261C6B74DB8}"
EndProject
Global
	GlobalSection(SolutionConfigurationPlatforms) = preSolution
		Debug|Any CPU = Debug|Any CPU
		Release|Any CPU = Release|Any CPU
	EndGlobalSection
	GlobalSection(ProjectConfigurationPlatforms) = postSolution
		{A17DC37A-A00F-4FB0-8BBC-F261C6B74DB8}.Debug|Any CPU.ActiveCfg = Debug|Any CPU
		{A17DC37A-A00F-4FB0-8BBC-F261C6B74DB8}.Debug|Any CPU.Build.0 = Debug|Any CPU
		{A17DC37A-A00F-4FB0-8BBC-F261C6B74DB8}.Release|Any CPU.ActiveCfg = Release|Any CPU
		{A17DC37A-A00F-4FB0-8BBC-F261C6B74DB8}.Release|Any CPU.Build.0 = Release|Any CPU
	EndGlobalSection
	GlobalSection(SolutionProperties) = preSolution
		HideSolutionNode = FALSE
	EndGlobalSection
	GlobalSection(ExtensibilityGlobals) = postSolution
		SolutionGuid = {4CED07CE-4644-4697-99ED-4BA1BBFD09FA}
	EndGlobalSection
EndGlobal
